
Microsoft Visual Studio Solution File, Format Version 12.00
# Visual Studio Version 17
VisualStudioVersion = 17.4.33205.214
MinimumVisualStudioVersion = 10.0.40219.1
Project("{FAE04EC0-301F-11D3-BF4B-00C04F79EFBC}") = "Netflix", "Netflix\Netflix.csproj", "{C8955C5B-1B7B-4B0F-BC94-479C66B822EA}"
EndProject
Global
	GlobalSection(SolutionConfigurationPlatforms) = preSolution
		Debug|Any CPU = Debug|Any CPU
		Release|Any CPU = Release|Any CPU
	EndGlobalSection
	GlobalSection(ProjectConfigurationPlatforms) = postSolution
		{C8955C5B-1B7B-4B0F-BC94-479C66B822EA}.Debug|Any CPU.ActiveCfg = Debug|Any CPU
		{C8955C5B-1B7B-4B0F-BC94-479C66B822EA}.Debug|Any CPU.Build.0 = Debug|Any CPU
		{C8955C5B-1B7B-4B0F-BC94-479C66B822EA}.Release|Any CPU.ActiveCfg = Release|Any CPU
		{C8955C5B-1B7B-4B0F-BC94-479C66B822EA}.Release|Any CPU.Build.0 = Release|Any CPU
	EndGlobalSection
	GlobalSection(SolutionProperties) = preSolution
		HideSolutionNode = FALSE
	EndGlobalSection
	GlobalSection(ExtensibilityGlobals) = postSolution
		SolutionGuid = {897DE76E-72C5-4377-A5DF-A1B7B2E15A40}
	EndGlobalSection
EndGlobal
